
Microsoft Visual Studio Solution File, Format Version 12.00
# Visual Studio 2015
Project("{FAE04EC0-301F-11D3-BF4B-00C04F79EFBC}") = "Lab3Pyramide", "Lab3Pyramide.csproj", "{D4405897-1E36-6A76-C9A1-134C636362CF}"
EndProject
Global
	GlobalSection(SolutionConfigurationPlatforms) = preSolution
		Debug|Any CPU = Debug|Any CPU
		Release|Any CPU = Release|Any CPU
	EndGlobalSection
	GlobalSection(ProjectConfigurationPlatforms) = postSolution
		{D4405897-1E36-6A76-C9A1-134C636362CF}.Debug|Any CPU.ActiveCfg = Debug|Any CPU
		{D4405897-1E36-6A76-C9A1-134C636362CF}.Debug|Any CPU.Build.0 = Debug|Any CPU
		{D4405897-1E36-6A76-C9A1-134C636362CF}.Release|Any CPU.ActiveCfg = Release|Any CPU
		{D4405897-1E36-6A76-C9A1-134C636362CF}.Release|Any CPU.Build.0 = Release|Any CPU
	EndGlobalSection
	GlobalSection(SolutionProperties) = preSolution
		HideSolutionNode = FALSE
	EndGlobalSection
EndGlobal
